# THIS IS AN AUTOGENERATED FILE. DO NOT EDIT THIS FILE DIRECTLY.
# yarn lockfile v1


index.json@^1.0.0:
  version "1.0.0"
  resolved "https://repo.huaweicloud.com/repository/npm/index.json/-/index.json-1.0.0.tgz#2666bf73995859c7db92e6520fca3bd39497645d"
  integrity sha1-Jma/c5lYWcfbkuZSD8o705SXZF0=
  dependencies:
    lodash "^3.10.1"

lodash@^3.10.1:
  version "3.10.1"
  resolved "https://repo.huaweicloud.com/repository/npm/lodash/-/lodash-3.10.1.tgz#5bf45e8e49ba4189e17d482789dfd15bd140b7b6"
  integrity sha1-W/Rejkm6QYnhfUgnid/RW9FAt7Y=
